
Microsoft Visual Studio Solution File, Format Version 12.00
# Visual Studio Version 17
VisualStudioVersion = 17.13.35919.96
MinimumVisualStudioVersion = 10.0.40219.1
Project("{FAE04EC0-301F-11D3-BF4B-00C04F79EFBC}") = "DotNetTrainingBatch3.ConsoleApp", "DotNetTrainingBatch3.ConsoleApp\DotNetTrainingBatch3.ConsoleApp.csproj", "{D6A7E10B-8656-4F12-9BB5-C01DAE677EC5}"
EndProject
Project("{FAE04EC0-301F-11D3-BF4B-00C04F79EFBC}") = "MKKDotNetTrainingBatch3.ConsoleApp1", "MKKDotNetTrainingBatch3.ConsoleApp1\MKKDotNetTrainingBatch3.ConsoleApp1.csproj", "{090BDF9B-A455-AF58-B0B3-6011E86A4737}"
EndProject
Global
	GlobalSection(SolutionConfigurationPlatforms) = preSolution
		Debug|Any CPU = Debug|Any CPU
		Release|Any CPU = Release|Any CPU
	EndGlobalSection
	GlobalSection(ProjectConfigurationPlatforms) = postSolution
		{D6A7E10B-8656-4F12-9BB5-C01DAE677EC5}.Debug|Any CPU.ActiveCfg = Debug|Any CPU
		{D6A7E10B-8656-4F12-9BB5-C01DAE677EC5}.Debug|Any CPU.Build.0 = Debug|Any CPU
		{D6A7E10B-8656-4F12-9BB5-C01DAE677EC5}.Release|Any CPU.ActiveCfg = Release|Any CPU
		{D6A7E10B-8656-4F12-9BB5-C01DAE677EC5}.Release|Any CPU.Build.0 = Release|Any CPU
		{090BDF9B-A455-AF58-B0B3-6011E86A4737}.Debug|Any CPU.ActiveCfg = Debug|Any CPU
		{090BDF9B-A455-AF58-B0B3-6011E86A4737}.Debug|Any CPU.Build.0 = Debug|Any CPU
		{090BDF9B-A455-AF58-B0B3-6011E86A4737}.Release|Any CPU.ActiveCfg = Release|Any CPU
		{090BDF9B-A455-AF58-B0B3-6011E86A4737}.Release|Any CPU.Build.0 = Release|Any CPU
	EndGlobalSection
	GlobalSection(SolutionProperties) = preSolution
		HideSolutionNode = FALSE
	EndGlobalSection
	GlobalSection(ExtensibilityGlobals) = postSolution
		SolutionGuid = {E94C30E1-7FAB-4A2C-86C1-260625B2FDB6}
	EndGlobalSection
EndGlobal
